{"is_source_file": true, "file_id": 18, "git_revision": "6e4673dd4dd3ac32d8617783cd43e7adc25a0c71", "state": 1, "description": "", "external_files": [], "external_methods": [], "published": [], "classes": [], "methods": [], "calls": [], "search-terms": [], "filename": "/home/kavia/workspace/code-generation/weatherease-34976-34983/main_container_for_weatherease/post_process_status.lock", "hash": "e9b4c3b42cef0193b7fddb548d37e652", "format-version": 4, "code-base-name": "default", "knowledge_revision": 36}